# THIS IS AN AUTOGENERATED FILE. DO NOT EDIT THIS FILE DIRECTLY.
# yarn lockfile v1


clsx@^2.1.1:
  version "2.1.1"
  resolved "https://registry.yarnpkg.com/clsx/-/clsx-2.1.1.tgz#eed397c9fd8bd882bfb18deab7102049a2f32999"
  integrity sha512-eYm0QWBtUrBWZWG0d386OGAw16Z995PiOVo2B7bjWSbHedGl5e0ZWaq65kOGgUSNesEIDkB9ISbTg/JK9dhCZA==

react-toastify@^11.0.2:
  version "11.0.2"
  resolved "https://registry.yarnpkg.com/react-toastify/-/react-toastify-11.0.2.tgz#5c5ae745f3c7240015a8746217595cd26701fdc3"
  integrity sha512-GjHuGaiXMvbls3ywqv8XdWONwrcO4DXCJIY1zVLkHU73gEElKvTTXNI5Vom3s/k/M8hnkrfsqgBSX3OwmlonbA==
  dependencies:
    clsx "^2.1.1"
